
Microsoft Visual Studio Solution File, Format Version 12.00
# Visual Studio Version 17
VisualStudioVersion = 17.0.31903.59
MinimumVisualStudioVersion = 10.0.40219.1
Project("{FAE04EC0-301F-11D3-BF4B-00C04F79EFBC}") = "MyInstrumentsForRevit", "src\MyInstrumentsForRevit\MyInstrumentsForRevit.csproj", "{5D7CDB59-BFB1-4BEA-A8BA-5B2F21E0E767}"
EndProject
Project("{2150E333-8FDC-42A3-9474-1A3956D46DE8}") = "src", "src", "{827E0CD3-B72D-47B6-A68D-7590B98EB39B}"
EndProject
Project("{FAE04EC0-301F-11D3-BF4B-00C04F79EFBC}") = "ContextFilter.Core", "src\ContextFilter.Core\ContextFilter.Core.csproj", "{695E9DA8-6A54-4864-9062-271C0DC57F59}"
EndProject
Project("{FAE04EC0-301F-11D3-BF4B-00C04F79EFBC}") = "ContextFilter.UI", "src\ContextFilter.UI\ContextFilter.UI.csproj", "{87BFD8CB-02BF-47C9-A67B-3AFE444F7F63}"
EndProject
Project("{FAE04EC0-301F-11D3-BF4B-00C04F79EFBC}") = "ContextFilter.Plugin", "src\ContextFilter.Plugin\ContextFilter.Plugin.csproj", "{E78AFB8A-6B5E-447A-9223-18F2EF7386DD}"
EndProject
Global
	GlobalSection(SolutionConfigurationPlatforms) = preSolution
		Debug|Any CPU = Debug|Any CPU
		Debug|x64 = Debug|x64
		Debug|x86 = Debug|x86
		Release|Any CPU = Release|Any CPU
		Release|x64 = Release|x64
		Release|x86 = Release|x86
	EndGlobalSection
	GlobalSection(ProjectConfigurationPlatforms) = postSolution
		{5D7CDB59-BFB1-4BEA-A8BA-5B2F21E0E767}.Debug|Any CPU.ActiveCfg = Debug|Any CPU
		{5D7CDB59-BFB1-4BEA-A8BA-5B2F21E0E767}.Debug|Any CPU.Build.0 = Debug|Any CPU
		{5D7CDB59-BFB1-4BEA-A8BA-5B2F21E0E767}.Debug|x64.ActiveCfg = Debug|Any CPU
		{5D7CDB59-BFB1-4BEA-A8BA-5B2F21E0E767}.Debug|x64.Build.0 = Debug|Any CPU
		{5D7CDB59-BFB1-4BEA-A8BA-5B2F21E0E767}.Debug|x86.ActiveCfg = Debug|Any CPU
		{5D7CDB59-BFB1-4BEA-A8BA-5B2F21E0E767}.Debug|x86.Build.0 = Debug|Any CPU
		{5D7CDB59-BFB1-4BEA-A8BA-5B2F21E0E767}.Release|Any CPU.ActiveCfg = Release|Any CPU
		{5D7CDB59-BFB1-4BEA-A8BA-5B2F21E0E767}.Release|Any CPU.Build.0 = Release|Any CPU
		{5D7CDB59-BFB1-4BEA-A8BA-5B2F21E0E767}.Release|x64.ActiveCfg = Release|Any CPU
		{5D7CDB59-BFB1-4BEA-A8BA-5B2F21E0E767}.Release|x64.Build.0 = Release|Any CPU
		{5D7CDB59-BFB1-4BEA-A8BA-5B2F21E0E767}.Release|x86.ActiveCfg = Release|Any CPU
		{5D7CDB59-BFB1-4BEA-A8BA-5B2F21E0E767}.Release|x86.Build.0 = Release|Any CPU
		{695E9DA8-6A54-4864-9062-271C0DC57F59}.Debug|Any CPU.ActiveCfg = Debug|Any CPU
		{695E9DA8-6A54-4864-9062-271C0DC57F59}.Debug|Any CPU.Build.0 = Debug|Any CPU
		{695E9DA8-6A54-4864-9062-271C0DC57F59}.Debug|x64.ActiveCfg = Debug|Any CPU
		{695E9DA8-6A54-4864-9062-271C0DC57F59}.Debug|x64.Build.0 = Debug|Any CPU
		{695E9DA8-6A54-4864-9062-271C0DC57F59}.Debug|x86.ActiveCfg = Debug|Any CPU
		{695E9DA8-6A54-4864-9062-271C0DC57F59}.Debug|x86.Build.0 = Debug|Any CPU
		{695E9DA8-6A54-4864-9062-271C0DC57F59}.Release|Any CPU.ActiveCfg = Release|Any CPU
		{695E9DA8-6A54-4864-9062-271C0DC57F59}.Release|Any CPU.Build.0 = Release|Any CPU
		{695E9DA8-6A54-4864-9062-271C0DC57F59}.Release|x64.ActiveCfg = Release|Any CPU
		{695E9DA8-6A54-4864-9062-271C0DC57F59}.Release|x64.Build.0 = Release|Any CPU
		{695E9DA8-6A54-4864-9062-271C0DC57F59}.Release|x86.ActiveCfg = Release|Any CPU
		{695E9DA8-6A54-4864-9062-271C0DC57F59}.Release|x86.Build.0 = Release|Any CPU
		{87BFD8CB-02BF-47C9-A67B-3AFE444F7F63}.Debug|Any CPU.ActiveCfg = Debug|Any CPU
		{87BFD8CB-02BF-47C9-A67B-3AFE444F7F63}.Debug|Any CPU.Build.0 = Debug|Any CPU
		{87BFD8CB-02BF-47C9-A67B-3AFE444F7F63}.Debug|x64.ActiveCfg = Debug|Any CPU
		{87BFD8CB-02BF-47C9-A67B-3AFE444F7F63}.Debug|x64.Build.0 = Debug|Any CPU
		{87BFD8CB-02BF-47C9-A67B-3AFE444F7F63}.Debug|x86.ActiveCfg = Debug|Any CPU
		{87BFD8CB-02BF-47C9-A67B-3AFE444F7F63}.Debug|x86.Build.0 = Debug|Any CPU
		{87BFD8CB-02BF-47C9-A67B-3AFE444F7F63}.Release|Any CPU.ActiveCfg = Release|Any CPU
		{87BFD8CB-02BF-47C9-A67B-3AFE444F7F63}.Release|Any CPU.Build.0 = Release|Any CPU
		{87BFD8CB-02BF-47C9-A67B-3AFE444F7F63}.Release|x64.ActiveCfg = Release|Any CPU
		{87BFD8CB-02BF-47C9-A67B-3AFE444F7F63}.Release|x64.Build.0 = Release|Any CPU
		{87BFD8CB-02BF-47C9-A67B-3AFE444F7F63}.Release|x86.ActiveCfg = Release|Any CPU
		{87BFD8CB-02BF-47C9-A67B-3AFE444F7F63}.Release|x86.Build.0 = Release|Any CPU
		{E78AFB8A-6B5E-447A-9223-18F2EF7386DD}.Debug|Any CPU.ActiveCfg = Debug|Any CPU
		{E78AFB8A-6B5E-447A-9223-18F2EF7386DD}.Debug|Any CPU.Build.0 = Debug|Any CPU
		{E78AFB8A-6B5E-447A-9223-18F2EF7386DD}.Debug|x64.ActiveCfg = Debug|Any CPU
		{E78AFB8A-6B5E-447A-9223-18F2EF7386DD}.Debug|x64.Build.0 = Debug|Any CPU
		{E78AFB8A-6B5E-447A-9223-18F2EF7386DD}.Debug|x86.ActiveCfg = Debug|Any CPU
		{E78AFB8A-6B5E-447A-9223-18F2EF7386DD}.Debug|x86.Build.0 = Debug|Any CPU
		{E78AFB8A-6B5E-447A-9223-18F2EF7386DD}.Release|Any CPU.ActiveCfg = Release|Any CPU
		{E78AFB8A-6B5E-447A-9223-18F2EF7386DD}.Release|Any CPU.Build.0 = Release|Any CPU
		{E78AFB8A-6B5E-447A-9223-18F2EF7386DD}.Release|x64.ActiveCfg = Release|Any CPU
		{E78AFB8A-6B5E-447A-9223-18F2EF7386DD}.Release|x64.Build.0 = Release|Any CPU
		{E78AFB8A-6B5E-447A-9223-18F2EF7386DD}.Release|x86.ActiveCfg = Release|Any CPU
		{E78AFB8A-6B5E-447A-9223-18F2EF7386DD}.Release|x86.Build.0 = Release|Any CPU
	EndGlobalSection
	GlobalSection(SolutionProperties) = preSolution
		HideSolutionNode = FALSE
	EndGlobalSection
	GlobalSection(NestedProjects) = preSolution
		{695E9DA8-6A54-4864-9062-271C0DC57F59} = {827E0CD3-B72D-47B6-A68D-7590B98EB39B}
		{87BFD8CB-02BF-47C9-A67B-3AFE444F7F63} = {827E0CD3-B72D-47B6-A68D-7590B98EB39B}
		{E78AFB8A-6B5E-447A-9223-18F2EF7386DD} = {827E0CD3-B72D-47B6-A68D-7590B98EB39B}
	EndGlobalSection
EndGlobal
